{
  "name": "grand-river-basements",
  "version": "1.0.0",
  "lockfileVersion": 3,
  "requires": true,
  "packages": {
    "": {
      "name": "grand-river-basements",
      "version": "1.0.0",
      "dependencies": {
        "basic-ftp": "^6.0.1",
        "dotenv": "^16.6.1"
      }
    },
    "node_modules/basic-ftp": {
      "version": "6.0.1",
      "resolved": "https://registry.npmjs.org/basic-ftp/-/basic-ftp-6.0.1.tgz",
      "integrity": "sha512-3ilxa3n4276wGQp/ImRAuz4ALdsj/2Wd3FqoZBZlajDYnByCZ0JMb4+26Rde0wGXIbM0G2HWSfr/Fi8b21KX8g==",
      "license": "MIT",
      "engines": {
        "node": ">=10.0.0"
      }
    },
    "node_modules/dotenv": {
      "version": "16.6.1",
      "resolved": "https://registry.npmjs.org/dotenv/-/dotenv-16.6.1.tgz",
      "integrity": "sha512-uBq4egWHTcTt33a72vpSG0z3HnPuIl6NqYcTrKEg2azoEyl2hpW0zqlxysq2pK9HlDIHyHyakeYaYnSAwd8bow==",
      "license": "BSD-2-Clause",
      "engines": {
        "node": ">=12"
      },
      "funding": {
        "url": "https://dotenvx.com"
      }
    }
  }
}
